
Microsoft Visual Studio Solution File, Format Version 12.00
# Visual Studio Version 17
VisualStudioVersion = 17.9.34701.34
MinimumVisualStudioVersion = 10.0.40219.1
Project("{FAE04EC0-301F-11D3-BF4B-00C04F79EFBC}") = "WinFormsNotepad", "WinFormsNotepad\WinFormsNotepad.csproj", "{E68A0D37-DA3D-4BE6-B151-1925913C25BD}"
EndProject
Global
	GlobalSection(SolutionConfigurationPlatforms) = preSolution
		Debug|Any CPU = Debug|Any CPU
		Release|Any CPU = Release|Any CPU
	EndGlobalSection
	GlobalSection(ProjectConfigurationPlatforms) = postSolution
		{E68A0D37-DA3D-4BE6-B151-1925913C25BD}.Debug|Any CPU.ActiveCfg = Debug|Any CPU
		{E68A0D37-DA3D-4BE6-B151-1925913C25BD}.Debug|Any CPU.Build.0 = Debug|Any CPU
		{E68A0D37-DA3D-4BE6-B151-1925913C25BD}.Release|Any CPU.ActiveCfg = Release|Any CPU
		{E68A0D37-DA3D-4BE6-B151-1925913C25BD}.Release|Any CPU.Build.0 = Release|Any CPU
	EndGlobalSection
	GlobalSection(SolutionProperties) = preSolution
		HideSolutionNode = FALSE
	EndGlobalSection
	GlobalSection(ExtensibilityGlobals) = postSolution
		SolutionGuid = {5BBFB8B4-5289-4499-ADCB-BF90DCAF4A74}
	EndGlobalSection
EndGlobal
